
Microsoft Visual Studio Solution File, Format Version 12.00
# Visual Studio 15
VisualStudioVersion = 15.0.28307.489
MinimumVisualStudioVersion = 10.0.40219.1
Project("{FAE04EC0-301F-11D3-BF4B-00C04F79EFBC}") = "MuntersExamServer", "MuntersExamServer\MuntersExamServer.csproj", "{52307AAA-564F-411F-BC65-3FE5FC47CFB8}"
EndProject
Global
	GlobalSection(SolutionConfigurationPlatforms) = preSolution
		Debug|Any CPU = Debug|Any CPU
		Release|Any CPU = Release|Any CPU
	EndGlobalSection
	GlobalSection(ProjectConfigurationPlatforms) = postSolution
		{52307AAA-564F-411F-BC65-3FE5FC47CFB8}.Debug|Any CPU.ActiveCfg = Debug|Any CPU
		{52307AAA-564F-411F-BC65-3FE5FC47CFB8}.Debug|Any CPU.Build.0 = Debug|Any CPU
		{52307AAA-564F-411F-BC65-3FE5FC47CFB8}.Release|Any CPU.ActiveCfg = Release|Any CPU
		{52307AAA-564F-411F-BC65-3FE5FC47CFB8}.Release|Any CPU.Build.0 = Release|Any CPU
	EndGlobalSection
	GlobalSection(SolutionProperties) = preSolution
		HideSolutionNode = FALSE
	EndGlobalSection
	GlobalSection(ExtensibilityGlobals) = postSolution
		SolutionGuid = {7A4E9E48-C42C-44C1-B4F0-068F7E902576}
	EndGlobalSection
EndGlobal
